
Microsoft Visual Studio Solution File, Format Version 12.00
# Visual Studio Version 17
VisualStudioVersion = 17.13.35919.96
MinimumVisualStudioVersion = 10.0.40219.1
Project("{FAE04EC0-301F-11D3-BF4B-00C04F79EFBC}") = "FAZCode.TCPCommunications", "FAZCode.TCPCommunications\FAZCode.TCPCommunications.csproj", "{F9709335-55FD-4F4C-94C1-0DB9AC7D000C}"
EndProject
Project("{FAE04EC0-301F-11D3-BF4B-00C04F79EFBC}") = "TestProject", "TestProject\TestProject.csproj", "{416C993C-0194-4F67-B2CE-2F3A0F5270D4}"
EndProject
Global
	GlobalSection(SolutionConfigurationPlatforms) = preSolution
		Debug|Any CPU = Debug|Any CPU
		Release|Any CPU = Release|Any CPU
	EndGlobalSection
	GlobalSection(ProjectConfigurationPlatforms) = postSolution
		{F9709335-55FD-4F4C-94C1-0DB9AC7D000C}.Debug|Any CPU.ActiveCfg = Debug|Any CPU
		{F9709335-55FD-4F4C-94C1-0DB9AC7D000C}.Debug|Any CPU.Build.0 = Debug|Any CPU
		{F9709335-55FD-4F4C-94C1-0DB9AC7D000C}.Release|Any CPU.ActiveCfg = Release|Any CPU
		{F9709335-55FD-4F4C-94C1-0DB9AC7D000C}.Release|Any CPU.Build.0 = Release|Any CPU
		{416C993C-0194-4F67-B2CE-2F3A0F5270D4}.Debug|Any CPU.ActiveCfg = Debug|Any CPU
		{416C993C-0194-4F67-B2CE-2F3A0F5270D4}.Debug|Any CPU.Build.0 = Debug|Any CPU
		{416C993C-0194-4F67-B2CE-2F3A0F5270D4}.Release|Any CPU.ActiveCfg = Release|Any CPU
		{416C993C-0194-4F67-B2CE-2F3A0F5270D4}.Release|Any CPU.Build.0 = Release|Any CPU
	EndGlobalSection
	GlobalSection(SolutionProperties) = preSolution
		HideSolutionNode = FALSE
	EndGlobalSection
	GlobalSection(ExtensibilityGlobals) = postSolution
		SolutionGuid = {A645AF85-B9B1-408E-8515-BD99D2D3336B}
	EndGlobalSection
EndGlobal
